{
  "name": "abode",
  "version": "1.0.0",
  "lockfileVersion": 1,
  "requires": true,
  "dependencies": {
    "rplc8": {
      "version": "1.1.0",
      "resolved": "https://registry.npmjs.org/rplc8/-/rplc8-1.1.0.tgz",
      "integrity": "sha512-cawKSIrji9CqlZ6ZD1cmCzAkPJkAqWRYtJwvuSs+UVnRzL1Pe1aXvw7RaOdpC2gODvxBu1dR34XCERy6Ox4XHQ=="
    },
    "sleepless": {
      "version": "2.8.2",
      "resolved": "https://registry.npmjs.org/sleepless/-/sleepless-2.8.2.tgz",
      "integrity": "sha512-WIVyDHLGi9GxvsKuhMtf4LRmO4TM77LlKnAsqVo+980un355TWUjHFHAh9YmsvUfqWWi7CujZdE8YMZ5pXabBw=="
    }
  }
}
